
Microsoft Visual Studio Solution File, Format Version 12.00
# Visual Studio Version 16
VisualStudioVersion = 16.0.32929.386
MinimumVisualStudioVersion = 10.0.40219.1
Project("{9A19103F-16F7-4668-BE54-9A1E7A4F7556}") = "Domain", "Domain\Domain.csproj", "{BC90AF11-9ECA-4ECA-A86E-F3E83A3EEB1F}"
EndProject
Project("{9A19103F-16F7-4668-BE54-9A1E7A4F7556}") = "Infrastructure", "Infrastructure\Infrastructure.csproj", "{D4C467FD-FEA3-44B5-B852-A6E4FCFA4A06}"
EndProject
Project("{9A19103F-16F7-4668-BE54-9A1E7A4F7556}") = "Service", "Service\Service.csproj", "{E65764B4-53B0-458F-9C63-EEC21DC3072A}"
EndProject
Project("{FAE04EC0-301F-11D3-BF4B-00C04F79EFBC}") = "Application", "Application\Application.csproj", "{802C06F8-78B2-4B2F-A79C-536F1DB96A8E}"
EndProject
Global
	GlobalSection(SolutionConfigurationPlatforms) = preSolution
		Debug|Any CPU = Debug|Any CPU
		Release|Any CPU = Release|Any CPU
	EndGlobalSection
	GlobalSection(ProjectConfigurationPlatforms) = postSolution
		{BC90AF11-9ECA-4ECA-A86E-F3E83A3EEB1F}.Debug|Any CPU.ActiveCfg = Debug|Any CPU
		{BC90AF11-9ECA-4ECA-A86E-F3E83A3EEB1F}.Debug|Any CPU.Build.0 = Debug|Any CPU
		{BC90AF11-9ECA-4ECA-A86E-F3E83A3EEB1F}.Release|Any CPU.ActiveCfg = Release|Any CPU
		{BC90AF11-9ECA-4ECA-A86E-F3E83A3EEB1F}.Release|Any CPU.Build.0 = Release|Any CPU
		{D4C467FD-FEA3-44B5-B852-A6E4FCFA4A06}.Debug|Any CPU.ActiveCfg = Debug|Any CPU
		{D4C467FD-FEA3-44B5-B852-A6E4FCFA4A06}.Debug|Any CPU.Build.0 = Debug|Any CPU
		{D4C467FD-FEA3-44B5-B852-A6E4FCFA4A06}.Release|Any CPU.ActiveCfg = Release|Any CPU
		{D4C467FD-FEA3-44B5-B852-A6E4FCFA4A06}.Release|Any CPU.Build.0 = Release|Any CPU
		{E65764B4-53B0-458F-9C63-EEC21DC3072A}.Debug|Any CPU.ActiveCfg = Debug|Any CPU
		{E65764B4-53B0-458F-9C63-EEC21DC3072A}.Debug|Any CPU.Build.0 = Debug|Any CPU
		{E65764B4-53B0-458F-9C63-EEC21DC3072A}.Release|Any CPU.ActiveCfg = Release|Any CPU
		{E65764B4-53B0-458F-9C63-EEC21DC3072A}.Release|Any CPU.Build.0 = Release|Any CPU
		{802C06F8-78B2-4B2F-A79C-536F1DB96A8E}.Debug|Any CPU.ActiveCfg = Debug|Any CPU
		{802C06F8-78B2-4B2F-A79C-536F1DB96A8E}.Debug|Any CPU.Build.0 = Debug|Any CPU
		{802C06F8-78B2-4B2F-A79C-536F1DB96A8E}.Release|Any CPU.ActiveCfg = Release|Any CPU
		{802C06F8-78B2-4B2F-A79C-536F1DB96A8E}.Release|Any CPU.Build.0 = Release|Any CPU
	EndGlobalSection
	GlobalSection(SolutionProperties) = preSolution
		HideSolutionNode = FALSE
	EndGlobalSection
	GlobalSection(ExtensibilityGlobals) = postSolution
		SolutionGuid = {F93B8536-4783-45FC-86EC-2EAE68BDE5D5}
	EndGlobalSection
EndGlobal
